github.com/Aswin-Kumar-P-V/bird v0.0.0-20230611121923-49481ed5a0ae h1:RQI1zfz/eFGYc+glPtgIF8xBHCApGz2jbgO7TIuk3bU=
github.com/Aswin-Kumar-P-V/bird v0.0.0-20230611121923-49481ed5a0ae/go.mod h1:4m4/lEwnlAtbWybV6urbwUN+tlF2GaZaP1R4SNtaWTw=
github.com/Aswin-Kumar-P-V/bird v0.0.0-20230612053330-52a1e2ce6740 h1:oPescCskA3t3K6RLZrmYMFpg9n2Xf7sezCW1N0Oy/pI=
github.com/Aswin-Kumar-P-V/bird v0.0.0-20230612053330-52a1e2ce6740/go.mod h1:jZqa8FXUp2gg4aZ1+FeDvv+TU+K1QhmmLfc0utzMzF8=
github.com/Aswin-Kumar-P-V/noOfBirds v0.0.0-20230612052504-4af01ac0dfd3 h1:m6v+OhWZqnowVOira3IVMvjDzcJpm9xdBtcapnwt5Co=
github.com/Aswin-Kumar-P-V/noOfBirds v0.0.0-20230612052504-4af01ac0dfd3/go.mod h1:vTMVNScgUdsrEa1DtO7QWRyWhLzLo+Tf7Xu69tfNDA0=
